// !$*UTF8*$!
{
	archiveVersion = 1;
	classes = {
	};
	objectVersion = 56;
	objects = {

/* Begin PBXBuildFile section */
		FDAEBDBD2A56C13A00CC2711 /* AdoreMe_HackathonApp.swift in Sources */ = {isa = PBXBuildFile; fileRef = FDAEBDBC2A56C13A00CC2711 /* AdoreMe_HackathonApp.swift */; };
		FDAEBDBF2A56C13A00CC2711 /* ChatView.swift in Sources */ = {isa = PBXBuildFile; fileRef = FDAEBDBE2A56C13A00CC2711 /* ChatView.swift */; };
		FDAEBDC12A56C13C00CC2711 /* Assets.xcassets in Resources */ = {isa = PBXBuildFile; fileRef = FDAEBDC02A56C13C00CC2711 /* Assets.xcassets */; };
		FDAEBDC52A56C13C00CC2711 /* Preview Assets.xcassets in Resources */ = {isa = PBXBuildFile; fileRef = FDAEBDC42A56C13C00CC2711 /* Preview Assets.xcassets */; };
		FDAEBDCE2A56C24D00CC2711 /* ProductView.swift in Sources */ = {isa = PBXBuildFile; fileRef = FDAEBDCD2A56C24D00CC2711 /* ProductView.swift */; };
		FDAEBDD02A56E7F300CC2711 /* MessageView.swift in Sources */ = {isa = PBXBuildFile; fileRef = FDAEBDCF2A56E7F300CC2711 /* MessageView.swift */; };
		FDAEBDD32A56F05500CC2711 /* MessageProtocol.swift in Sources */ = {isa = PBXBuildFile; fileRef = FDAEBDD22A56F05500CC2711 /* MessageProtocol.swift */; };
		FDAEBDD52A56F08100CC2711 /* MessageService.swift in Sources */ = {isa = PBXBuildFile; fileRef = FDAEBDD42A56F08100CC2711 /* MessageService.swift */; };
		FDAEBDD82A56F0BE00CC2711 /* Message.swift in Sources */ = {isa = PBXBuildFile; fileRef = FDAEBDD72A56F0BE00CC2711 /* Message.swift */; };
		FDAEBDDB2A56F2B700CC2711 /* NetworkError.swift in Sources */ = {isa = PBXBuildFile; fileRef = FDAEBDDA2A56F2B700CC2711 /* NetworkError.swift */; };
		FDAEBDDE2A56F41F00CC2711 /* HttpExtension.swift in Sources */ = {isa = PBXBuildFile; fileRef = FDAEBDDD2A56F41F00CC2711 /* HttpExtension.swift */; };
		FDAEBDE12A56F48300CC2711 /* Repository.swift in Sources */ = {isa = PBXBuildFile; fileRef = FDAEBDE02A56F48300CC2711 /* Repository.swift */; };
		FDAEBDE32A56F5EC00CC2711 /* Response.swift in Sources */ = {isa = PBXBuildFile; fileRef = FDAEBDE22A56F5EC00CC2711 /* Response.swift */; };
		FDAEBDE62A56F6EC00CC2711 /* ChatViewModel.swift in Sources */ = {isa = PBXBuildFile; fileRef = FDAEBDE52A56F6EC00CC2711 /* ChatViewModel.swift */; };
		FDAEBDE82A56F88100CC2711 /* ChatMessage.swift in Sources */ = {isa = PBXBuildFile; fileRef = FDAEBDE72A56F88100CC2711 /* ChatMessage.swift */; };
/* End PBXBuildFile section */

/* Begin PBXFileReference section */
		FDAEBDB92A56C13A00CC2711 /* AdoreMe-Hackathon.app */ = {isa = PBXFileReference; explicitFileType = wrapper.application; includeInIndex = 0; path = "AdoreMe-Hackathon.app"; sourceTree = BUILT_PRODUCTS_DIR; };
		FDAEBDBC2A56C13A00CC2711 /* AdoreMe_HackathonApp.swift */ = {isa = PBXFileReference; lastKnownFileType = sourcecode.swift; path = AdoreMe_HackathonApp.swift; sourceTree = "<group>"; };
		FDAEBDBE2A56C13A00CC2711 /* ChatView.swift */ = {isa = PBXFileReference; lastKnownFileType = sourcecode.swift; path = ChatView.swift; sourceTree = "<group>"; };
		FDAEBDC02A56C13C00CC2711 /* Assets.xcassets */ = {isa = PBXFileReference; lastKnownFileType = folder.assetcatalog; path = Assets.xcassets; sourceTree = "<group>"; };
		FDAEBDC22A56C13C00CC2711 /* AdoreMe_Hackathon.entitlements */ = {isa = PBXFileReference; lastKnownFileType = text.plist.entitlements; path = AdoreMe_Hackathon.entitlements; sourceTree = "<group>"; };
		FDAEBDC42A56C13C00CC2711 /* Preview Assets.xcassets */ = {isa = PBXFileReference; lastKnownFileType = folder.assetcatalog; path = "Preview Assets.xcassets"; sourceTree = "<group>"; };
		FDAEBDCD2A56C24D00CC2711 /* ProductView.swift */ = {isa = PBXFileReference; lastKnownFileType = sourcecode.swift; path = ProductView.swift; sourceTree = "<group>"; };
		FDAEBDCF2A56E7F300CC2711 /* MessageView.swift */ = {isa = PBXFileReference; lastKnownFileType = sourcecode.swift; path = MessageView.swift; sourceTree = "<group>"; };
		FDAEBDD22A56F05500CC2711 /* MessageProtocol.swift */ = {isa = PBXFileReference; lastKnownFileType = sourcecode.swift; path = MessageProtocol.swift; sourceTree = "<group>"; };
		FDAEBDD42A56F08100CC2711 /* MessageService.swift */ = {isa = PBXFileReference; lastKnownFileType = sourcecode.swift; path = MessageService.swift; sourceTree = "<group>"; };
		FDAEBDD72A56F0BE00CC2711 /* Message.swift */ = {isa = PBXFileReference; lastKnownFileType = sourcecode.swift; path = Message.swift; sourceTree = "<group>"; };
		FDAEBDDA2A56F2B700CC2711 /* NetworkError.swift */ = {isa = PBXFileReference; lastKnownFileType = sourcecode.swift; path = NetworkError.swift; sourceTree = "<group>"; };
		FDAEBDDD2A56F41F00CC2711 /* HttpExtension.swift */ = {isa = PBXFileReference; lastKnownFileType = sourcecode.swift; path = HttpExtension.swift; sourceTree = "<group>"; };
		FDAEBDE02A56F48300CC2711 /* Repository.swift */ = {isa = PBXFileReference; lastKnownFileType = sourcecode.swift; path = Repository.swift; sourceTree = "<group>"; };
		FDAEBDE22A56F5EC00CC2711 /* Response.swift */ = {isa = PBXFileReference; lastKnownFileType = sourcecode.swift; path = Response.swift; sourceTree = "<group>"; };
		FDAEBDE52A56F6EC00CC2711 /* ChatViewModel.swift */ = {isa = PBXFileReference; lastKnownFileType = sourcecode.swift; path = ChatViewModel.swift; sourceTree = "<group>"; };
		FDAEBDE72A56F88100CC2711 /* ChatMessage.swift */ = {isa = PBXFileReference; lastKnownFileType = sourcecode.swift; path = ChatMessage.swift; sourceTree = "<group>"; };
/* End PBXFileReference section */

/* Begin PBXFrameworksBuildPhase section */
		FDAEBDB62A56C13A00CC2711 /* Frameworks */ = {
			isa = PBXFrameworksBuildPhase;
			buildActionMask = 2147483647;
			files = (
			);
			runOnlyForDeploymentPostprocessing = 0;
		};
/* End PBXFrameworksBuildPhase section */

/* Begin PBXGroup section */
		FDAEBDB02A56C13A00CC2711 = {
			isa = PBXGroup;
			children = (
				FDAEBDBB2A56C13A00CC2711 /* AdoreMe-Hackathon */,
				FDAEBDBA2A56C13A00CC2711 /* Products */,
			);
			sourceTree = "<group>";
		};
		FDAEBDBA2A56C13A00CC2711 /* Products */ = {
			isa = PBXGroup;
			children = (
				FDAEBDB92A56C13A00CC2711 /* AdoreMe-Hackathon.app */,
			);
			name = Products;
			sourceTree = "<group>";
		};
		FDAEBDBB2A56C13A00CC2711 /* AdoreMe-Hackathon */ = {
			isa = PBXGroup;
			children = (
				FDAEBDE42A56F6D200CC2711 /* ViewModel */,
				FDAEBDDF2A56F46D00CC2711 /* Repository */,
				FDAEBDDC2A56F3F100CC2711 /* Extension */,
				FDAEBDD92A56F29B00CC2711 /* Helper */,
				FDAEBDD62A56F0AB00CC2711 /* Data */,
				FDAEBDD12A56F02C00CC2711 /* Service */,
				FDAEBDCB2A56C1E200CC2711 /* Views */,
				FDAEBDBC2A56C13A00CC2711 /* AdoreMe_HackathonApp.swift */,
				FDAEBDC02A56C13C00CC2711 /* Assets.xcassets */,
				FDAEBDC22A56C13C00CC2711 /* AdoreMe_Hackathon.entitlements */,
				FDAEBDC32A56C13C00CC2711 /* Preview Content */,
			);
			path = "AdoreMe-Hackathon";
			sourceTree = "<group>";
		};
		FDAEBDC32A56C13C00CC2711 /* Preview Content */ = {
			isa = PBXGroup;
			children = (
				FDAEBDC42A56C13C00CC2711 /* Preview Assets.xcassets */,
			);
			path = "Preview Content";
			sourceTree = "<group>";
		};
		FDAEBDCB2A56C1E200CC2711 /* Views */ = {
			isa = PBXGroup;
			children = (
				FDAEBDCC2A56C22C00CC2711 /* Helper */,
				FDAEBDBE2A56C13A00CC2711 /* ChatView.swift */,
			);
			path = Views;
			sourceTree = "<group>";
		};
		FDAEBDCC2A56C22C00CC2711 /* Helper */ = {
			isa = PBXGroup;
			children = (
				FDAEBDCD2A56C24D00CC2711 /* ProductView.swift */,
				FDAEBDCF2A56E7F300CC2711 /* MessageView.swift */,
			);
			path = Helper;
			sourceTree = "<group>";
		};
		FDAEBDD12A56F02C00CC2711 /* Service */ = {
			isa = PBXGroup;
			children = (
				FDAEBDD22A56F05500CC2711 /* MessageProtocol.swift */,
				FDAEBDD42A56F08100CC2711 /* MessageService.swift */,
			);
			path = Service;
			sourceTree = "<group>";
		};
		FDAEBDD62A56F0AB00CC2711 /* Data */ = {
			isa = PBXGroup;
			children = (
				FDAEBDD72A56F0BE00CC2711 /* Message.swift */,
				FDAEBDE22A56F5EC00CC2711 /* Response.swift */,
				FDAEBDE72A56F88100CC2711 /* ChatMessage.swift */,
			);
			path = Data;
			sourceTree = "<group>";
		};
		FDAEBDD92A56F29B00CC2711 /* Helper */ = {
			isa = PBXGroup;
			children = (
				FDAEBDDA2A56F2B700CC2711 /* NetworkError.swift */,
			);
			path = Helper;
			sourceTree = "<group>";
		};
		FDAEBDDC2A56F3F100CC2711 /* Extension */ = {
			isa = PBXGroup;
			children = (
				FDAEBDDD2A56F41F00CC2711 /* HttpExtension.swift */,
			);
			path = Extension;
			sourceTree = "<group>";
		};
		FDAEBDDF2A56F46D00CC2711 /* Repository */ = {
			isa = PBXGroup;
			children = (
				FDAEBDE02A56F48300CC2711 /* Repository.swift */,
			);
			path = Repository;
			sourceTree = "<group>";
		};
		FDAEBDE42A56F6D200CC2711 /* ViewModel */ = {
			isa = PBXGroup;
			children = (
				FDAEBDE52A56F6EC00CC2711 /* ChatViewModel.swift */,
			);
			path = ViewModel;
			sourceTree = "<group>";
		};
/* End PBXGroup section */

/* Begin PBXNativeTarget section */
		FDAEBDB82A56C13A00CC2711 /* AdoreMe-Hackathon */ = {
			isa = PBXNativeTarget;
			buildConfigurationList = FDAEBDC82A56C13C00CC2711 /* Build configuration list for PBXNativeTarget "AdoreMe-Hackathon" */;
			buildPhases = (
				FDAEBDB52A56C13A00CC2711 /* Sources */,
				FDAEBDB62A56C13A00CC2711 /* Frameworks */,
				FDAEBDB72A56C13A00CC2711 /* Resources */,
			);
			buildRules = (
			);
			dependencies = (
			);
			name = "AdoreMe-Hackathon";
			productName = "AdoreMe-Hackathon";
			productReference = FDAEBDB92A56C13A00CC2711 /* AdoreMe-Hackathon.app */;
			productType = "com.apple.product-type.application";
		};
/* End PBXNativeTarget section */

/* Begin PBXProject section */
		FDAEBDB12A56C13A00CC2711 /* Project object */ = {
			isa = PBXProject;
			attributes = {
				BuildIndependentTargetsInParallel = 1;
				LastSwiftUpdateCheck = 1430;
				LastUpgradeCheck = 1430;
				TargetAttributes = {
					FDAEBDB82A56C13A00CC2711 = {
						CreatedOnToolsVersion = 14.3.1;
					};
				};
			};
			buildConfigurationList = FDAEBDB42A56C13A00CC2711 /* Build configuration list for PBXProject "AdoreMe-Hackathon" */;
			compatibilityVersion = "Xcode 14.0";
			developmentRegion = en;
			hasScannedForEncodings = 0;
			knownRegions = (
				en,
				Base,
			);
			mainGroup = FDAEBDB02A56C13A00CC2711;
			productRefGroup = FDAEBDBA2A56C13A00CC2711 /* Products */;
			projectDirPath = "";
			projectRoot = "";
			targets = (
				FDAEBDB82A56C13A00CC2711 /* AdoreMe-Hackathon */,
			);
		};
/* End PBXProject section */

/* Begin PBXResourcesBuildPhase section */
		FDAEBDB72A56C13A00CC2711 /* Resources */ = {
			isa = PBXResourcesBuildPhase;
			buildActionMask = 2147483647;
			files = (
				FDAEBDC52A56C13C00CC2711 /* Preview Assets.xcassets in Resources */,
				FDAEBDC12A56C13C00CC2711 /* Assets.xcassets in Resources */,
			);
			runOnlyForDeploymentPostprocessing = 0;
		};
/* End PBXResourcesBuildPhase section */

/* Begin PBXSourcesBuildPhase section */
		FDAEBDB52A56C13A00CC2711 /* Sources */ = {
			isa = PBXSourcesBuildPhase;
			buildActionMask = 2147483647;
			files = (
				FDAEBDD02A56E7F300CC2711 /* MessageView.swift in Sources */,
				FDAEBDDB2A56F2B700CC2711 /* NetworkError.swift in Sources */,
				FDAEBDE82A56F88100CC2711 /* ChatMessage.swift in Sources */,
				FDAEBDD52A56F08100CC2711 /* MessageService.swift in Sources */,
				FDAEBDD32A56F05500CC2711 /* MessageProtocol.swift in Sources */,
				FDAEBDBF2A56C13A00CC2711 /* ChatView.swift in Sources */,
				FDAEBDCE2A56C24D00CC2711 /* ProductView.swift in Sources */,
				FDAEBDBD2A56C13A00CC2711 /* AdoreMe_HackathonApp.swift in Sources */,
				FDAEBDE32A56F5EC00CC2711 /* Response.swift in Sources */,
				FDAEBDE12A56F48300CC2711 /* Repository.swift in Sources */,
				FDAEBDD82A56F0BE00CC2711 /* Message.swift in Sources */,
				FDAEBDE62A56F6EC00CC2711 /* ChatViewModel.swift in Sources */,
				FDAEBDDE2A56F41F00CC2711 /* HttpExtension.swift in Sources */,
			);
			runOnlyForDeploymentPostprocessing = 0;
		};
/* End PBXSourcesBuildPhase section */

/* Begin XCBuildConfiguration section */
		FDAEBDC62A56C13C00CC2711 /* Debug */ = {
			isa = XCBuildConfiguration;
			buildSettings = {
				ALWAYS_SEARCH_USER_PATHS = NO;
				CLANG_ANALYZER_NONNULL = YES;
				CLANG_ANALYZER_NUMBER_OBJECT_CONVERSION = YES_AGGRESSIVE;
				CLANG_CXX_LANGUAGE_STANDARD = "gnu++20";
				CLANG_ENABLE_MODULES = YES;
				CLANG_ENABLE_OBJC_ARC = YES;
				CLANG_ENABLE_OBJC_WEAK = YES;
				CLANG_WARN_BLOCK_CAPTURE_AUTORELEASING = YES;
				CLANG_WARN_BOOL_CONVERSION = YES;
				CLANG_WARN_COMMA = YES;
				CLANG_WARN_CONSTANT_CONVERSION = YES;
				CLANG_WARN_DEPRECATED_OBJC_IMPLEMENTATIONS = YES;
				CLANG_WARN_DIRECT_OBJC_ISA_USAGE = YES_ERROR;
				CLANG_WARN_DOCUMENTATION_COMMENTS = YES;
				CLANG_WARN_EMPTY_BODY = YES;
				CLANG_WARN_ENUM_CONVERSION = YES;
				CLANG_WARN_INFINITE_RECURSION = YES;
				CLANG_WARN_INT_CONVERSION = YES;
				CLANG_WARN_NON_LITERAL_NULL_CONVERSION = YES;
				CLANG_WARN_OBJC_IMPLICIT_RETAIN_SELF = YES;
				CLANG_WARN_OBJC_LITERAL_CONVERSION = YES;
				CLANG_WARN_OBJC_ROOT_CLASS = YES_ERROR;
				CLANG_WARN_QUOTED_INCLUDE_IN_FRAMEWORK_HEADER = YES;
				CLANG_WARN_RANGE_LOOP_ANALYSIS = YES;
				CLANG_WARN_STRICT_PROTOTYPES = YES;
				CLANG_WARN_SUSPICIOUS_MOVE = YES;
				CLANG_WARN_UNGUARDED_AVAILABILITY = YES_AGGRESSIVE;
				CLANG_WARN_UNREACHABLE_CODE = YES;
				CLANG_WARN__DUPLICATE_METHOD_MATCH = YES;
				COPY_PHASE_STRIP = NO;
				DEBUG_INFORMATION_FORMAT = dwarf;
				ENABLE_STRICT_OBJC_MSGSEND = YES;
				ENABLE_TESTABILITY = YES;
				GCC_C_LANGUAGE_STANDARD = gnu11;
				GCC_DYNAMIC_NO_PIC = NO;
				GCC_NO_COMMON_BLOCKS = YES;
				GCC_OPTIMIZATION_LEVEL = 0;
				GCC_PREPROCESSOR_DEFINITIONS = (
					"DEBUG=1",
					"$(inherited)",
				);
				GCC_WARN_64_TO_32_BIT_CONVERSION = YES;
				GCC_WARN_ABOUT_RETURN_TYPE = YES_ERROR;
				GCC_WARN_UNDECLARED_SELECTOR = YES;
				GCC_WARN_UNINITIALIZED_AUTOS = YES_AGGRESSIVE;
				GCC_WARN_UNUSED_FUNCTION = YES;
				GCC_WARN_UNUSED_VARIABLE = YES;
				MTL_ENABLE_DEBUG_INFO = INCLUDE_SOURCE;
				MTL_FAST_MATH = YES;
				ONLY_ACTIVE_ARCH = YES;
				SWIFT_ACTIVE_COMPILATION_CONDITIONS = DEBUG;
				SWIFT_OPTIMIZATION_LEVEL = "-Onone";
			};
			name = Debug;
		};
		FDAEBDC72A56C13C00CC2711 /* Release */ = {
			isa = XCBuildConfiguration;
			buildSettings = {
				ALWAYS_SEARCH_USER_PATHS = NO;
				CLANG_ANALYZER_NONNULL = YES;
				CLANG_ANALYZER_NUMBER_OBJECT_CONVERSION = YES_AGGRESSIVE;
				CLANG_CXX_LANGUAGE_STANDARD = "gnu++20";
				CLANG_ENABLE_MODULES = YES;
				CLANG_ENABLE_OBJC_ARC = YES;
				CLANG_ENABLE_OBJC_WEAK = YES;
				CLANG_WARN_BLOCK_CAPTURE_AUTORELEASING = YES;
				CLANG_WARN_BOOL_CONVERSION = YES;
				CLANG_WARN_COMMA = YES;
				CLANG_WARN_CONSTANT_CONVERSION = YES;
				CLANG_WARN_DEPRECATED_OBJC_IMPLEMENTATIONS = YES;
				CLANG_WARN_DIRECT_OBJC_ISA_USAGE = YES_ERROR;
				CLANG_WARN_DOCUMENTATION_COMMENTS = YES;
				CLANG_WARN_EMPTY_BODY = YES;
				CLANG_WARN_ENUM_CONVERSION = YES;
				CLANG_WARN_INFINITE_RECURSION = YES;
				CLANG_WARN_INT_CONVERSION = YES;
				CLANG_WARN_NON_LITERAL_NULL_CONVERSION = YES;
				CLANG_WARN_OBJC_IMPLICIT_RETAIN_SELF = YES;
				CLANG_WARN_OBJC_LITERAL_CONVERSION = YES;
				CLANG_WARN_OBJC_ROOT_CLASS = YES_ERROR;
				CLANG_WARN_QUOTED_INCLUDE_IN_FRAMEWORK_HEADER = YES;
				CLANG_WARN_RANGE_LOOP_ANALYSIS = YES;
				CLANG_WARN_STRICT_PROTOTYPES = YES;
				CLANG_WARN_SUSPICIOUS_MOVE = YES;
				CLANG_WARN_UNGUARDED_AVAILABILITY = YES_AGGRESSIVE;
				CLANG_WARN_UNREACHABLE_CODE = YES;
				CLANG_WARN__DUPLICATE_METHOD_MATCH = YES;
				COPY_PHASE_STRIP = NO;
				DEBUG_INFORMATION_FORMAT = "dwarf-with-dsym";
				ENABLE_NS_ASSERTIONS = NO;
				ENABLE_STRICT_OBJC_MSGSEND = YES;
				GCC_C_LANGUAGE_STANDARD = gnu11;
				GCC_NO_COMMON_BLOCKS = YES;
				GCC_WARN_64_TO_32_BIT_CONVERSION = YES;
				GCC_WARN_ABOUT_RETURN_TYPE = YES_ERROR;
				GCC_WARN_UNDECLARED_SELECTOR = YES;
				GCC_WARN_UNINITIALIZED_AUTOS = YES_AGGRESSIVE;
				GCC_WARN_UNUSED_FUNCTION = YES;
				GCC_WARN_UNUSED_VARIABLE = YES;
				MTL_ENABLE_DEBUG_INFO = NO;
				MTL_FAST_MATH = YES;
				SWIFT_COMPILATION_MODE = wholemodule;
				SWIFT_OPTIMIZATION_LEVEL = "-O";
			};
			name = Release;
		};
		FDAEBDC92A56C13C00CC2711 /* Debug */ = {
			isa = XCBuildConfiguration;
			buildSettings = {
				ASSETCATALOG_COMPILER_APPICON_NAME = AppIcon;
				ASSETCATALOG_COMPILER_GLOBAL_ACCENT_COLOR_NAME = AccentColor;
				CODE_SIGN_ENTITLEMENTS = "AdoreMe-Hackathon/AdoreMe_Hackathon.entitlements";
				CODE_SIGN_STYLE = Automatic;
				CURRENT_PROJECT_VERSION = 1;
				DEVELOPMENT_ASSET_PATHS = "\"AdoreMe-Hackathon/Preview Content\"";
				ENABLE_PREVIEWS = YES;
				GENERATE_INFOPLIST_FILE = YES;
				"INFOPLIST_KEY_UIApplicationSceneManifest_Generation[sdk=iphoneos*]" = YES;
				"INFOPLIST_KEY_UIApplicationSceneManifest_Generation[sdk=iphonesimulator*]" = YES;
				"INFOPLIST_KEY_UIApplicationSupportsIndirectInputEvents[sdk=iphoneos*]" = YES;
				"INFOPLIST_KEY_UIApplicationSupportsIndirectInputEvents[sdk=iphonesimulator*]" = YES;
				"INFOPLIST_KEY_UILaunchScreen_Generation[sdk=iphoneos*]" = YES;
				"INFOPLIST_KEY_UILaunchScreen_Generation[sdk=iphonesimulator*]" = YES;
				"INFOPLIST_KEY_UIStatusBarStyle[sdk=iphoneos*]" = UIStatusBarStyleDefault;
				"INFOPLIST_KEY_UIStatusBarStyle[sdk=iphonesimulator*]" = UIStatusBarStyleDefault;
				INFOPLIST_KEY_UISupportedInterfaceOrientations_iPad = "UIInterfaceOrientationPortrait UIInterfaceOrientationPortraitUpsideDown UIInterfaceOrientationLandscapeLeft UIInterfaceOrientationLandscapeRight";
				INFOPLIST_KEY_UISupportedInterfaceOrientations_iPhone = "UIInterfaceOrientationPortrait UIInterfaceOrientationLandscapeLeft UIInterfaceOrientationLandscapeRight";
				IPHONEOS_DEPLOYMENT_TARGET = 16.4;
				LD_RUNPATH_SEARCH_PATHS = "@executable_path/Frameworks";
				"LD_RUNPATH_SEARCH_PATHS[sdk=macosx*]" = "@executable_path/../Frameworks";
				MACOSX_DEPLOYMENT_TARGET = 13.3;
				MARKETING_VERSION = 1.0;
				PRODUCT_BUNDLE_IDENTIFIER = "adoreme.AdoreMe-Hackathon";
				PRODUCT_NAME = "$(TARGET_NAME)";
				SDKROOT = auto;
				SUPPORTED_PLATFORMS = "iphoneos iphonesimulator macosx";
				SWIFT_EMIT_LOC_STRINGS = YES;
				SWIFT_VERSION = 5.0;
				TARGETED_DEVICE_FAMILY = "1,2";
			};
			name = Debug;
		};
		FDAEBDCA2A56C13C00CC2711 /* Release */ = {
			isa = XCBuildConfiguration;
			buildSettings = {
				ASSETCATALOG_COMPILER_APPICON_NAME = AppIcon;
				ASSETCATALOG_COMPILER_GLOBAL_ACCENT_COLOR_NAME = AccentColor;
				CODE_SIGN_ENTITLEMENTS = "AdoreMe-Hackathon/AdoreMe_Hackathon.entitlements";
				CODE_SIGN_STYLE = Automatic;
				CURRENT_PROJECT_VERSION = 1;
				DEVELOPMENT_ASSET_PATHS = "\"AdoreMe-Hackathon/Preview Content\"";
				ENABLE_PREVIEWS = YES;
				GENERATE_INFOPLIST_FILE = YES;
				"INFOPLIST_KEY_UIApplicationSceneManifest_Generation[sdk=iphoneos*]" = YES;
				"INFOPLIST_KEY_UIApplicationSceneManifest_Generation[sdk=iphonesimulator*]" = YES;
				"INFOPLIST_KEY_UIApplicationSupportsIndirectInputEvents[sdk=iphoneos*]" = YES;
				"INFOPLIST_KEY_UIApplicationSupportsIndirectInputEvents[sdk=iphonesimulator*]" = YES;
				"INFOPLIST_KEY_UILaunchScreen_Generation[sdk=iphoneos*]" = YES;
				"INFOPLIST_KEY_UILaunchScreen_Generation[sdk=iphonesimulator*]" = YES;
				"INFOPLIST_KEY_UIStatusBarStyle[sdk=iphoneos*]" = UIStatusBarStyleDefault;
				"INFOPLIST_KEY_UIStatusBarStyle[sdk=iphonesimulator*]" = UIStatusBarStyleDefault;
				INFOPLIST_KEY_UISupportedInterfaceOrientations_iPad = "UIInterfaceOrientationPortrait UIInterfaceOrientationPortraitUpsideDown UIInterfaceOrientationLandscapeLeft UIInterfaceOrientationLandscapeRight";
				INFOPLIST_KEY_UISupportedInterfaceOrientations_iPhone = "UIInterfaceOrientationPortrait UIInterfaceOrientationLandscapeLeft UIInterfaceOrientationLandscapeRight";
				IPHONEOS_DEPLOYMENT_TARGET = 16.4;
				LD_RUNPATH_SEARCH_PATHS = "@executable_path/Frameworks";
				"LD_RUNPATH_SEARCH_PATHS[sdk=macosx*]" = "@executable_path/../Frameworks";
				MACOSX_DEPLOYMENT_TARGET = 13.3;
				MARKETING_VERSION = 1.0;
				PRODUCT_BUNDLE_IDENTIFIER = "adoreme.AdoreMe-Hackathon";
				PRODUCT_NAME = "$(TARGET_NAME)";
				SDKROOT = auto;
				SUPPORTED_PLATFORMS = "iphoneos iphonesimulator macosx";
				SWIFT_EMIT_LOC_STRINGS = YES;
				SWIFT_VERSION = 5.0;
				TARGETED_DEVICE_FAMILY = "1,2";
			};
			name = Release;
		};
/* End XCBuildConfiguration section */

/* Begin XCConfigurationList section */
		FDAEBDB42A56C13A00CC2711 /* Build configuration list for PBXProject "AdoreMe-Hackathon" */ = {
			isa = XCConfigurationList;
			buildConfigurations = (
				FDAEBDC62A56C13C00CC2711 /* Debug */,
				FDAEBDC72A56C13C00CC2711 /* Release */,
			);
			defaultConfigurationIsVisible = 0;
			defaultConfigurationName = Release;
		};
		FDAEBDC82A56C13C00CC2711 /* Build configuration list for PBXNativeTarget "AdoreMe-Hackathon" */ = {
			isa = XCConfigurationList;
			buildConfigurations = (
				FDAEBDC92A56C13C00CC2711 /* Debug */,
				FDAEBDCA2A56C13C00CC2711 /* Release */,
			);
			defaultConfigurationIsVisible = 0;
			defaultConfigurationName = Release;
		};
/* End XCConfigurationList section */
	};
	rootObject = FDAEBDB12A56C13A00CC2711 /* Project object */;
}
